
Microsoft Visual Studio Solution File, Format Version 12.00
# Visual Studio 15
VisualStudioVersion = 15.0.28010.2016
MinimumVisualStudioVersion = 10.0.40219.1
Project("{FAE04EC0-301F-11D3-BF4B-00C04F79EFBC}") = "NewTimeSheet2", "NewTimeSheet2\NewTimeSheet2.csproj", "{3CB3B837-83E4-40E9-A075-194816BB044A}"
EndProject
Global
	GlobalSection(SolutionConfigurationPlatforms) = preSolution
		Debug|Any CPU = Debug|Any CPU
		Release|Any CPU = Release|Any CPU
	EndGlobalSection
	GlobalSection(ProjectConfigurationPlatforms) = postSolution
		{3CB3B837-83E4-40E9-A075-194816BB044A}.Debug|Any CPU.ActiveCfg = Debug|Any CPU
		{3CB3B837-83E4-40E9-A075-194816BB044A}.Debug|Any CPU.Build.0 = Debug|Any CPU
		{3CB3B837-83E4-40E9-A075-194816BB044A}.Release|Any CPU.ActiveCfg = Release|Any CPU
		{3CB3B837-83E4-40E9-A075-194816BB044A}.Release|Any CPU.Build.0 = Release|Any CPU
	EndGlobalSection
	GlobalSection(SolutionProperties) = preSolution
		HideSolutionNode = FALSE
	EndGlobalSection
	GlobalSection(ExtensibilityGlobals) = postSolution
		SolutionGuid = {B394DDB1-B1D2-4768-9F3B-7917323A8610}
	EndGlobalSection
EndGlobal
